
Microsoft Visual Studio Solution File, Format Version 12.00
# Visual Studio Version 17
VisualStudioVersion = 17.6.33723.286
MinimumVisualStudioVersion = 10.0.40219.1
Project("{FAE04EC0-301F-11D3-BF4B-00C04F79EFBC}") = "FinalProject", "FinalProject\FinalProject.csproj", "{78ED0135-2697-4E4E-B76E-A85F07CA1768}"
EndProject
Global
	GlobalSection(SolutionConfigurationPlatforms) = preSolution
		Debug|Any CPU = Debug|Any CPU
		Release|Any CPU = Release|Any CPU
	EndGlobalSection
	GlobalSection(ProjectConfigurationPlatforms) = postSolution
		{78ED0135-2697-4E4E-B76E-A85F07CA1768}.Debug|Any CPU.ActiveCfg = Debug|Any CPU
		{78ED0135-2697-4E4E-B76E-A85F07CA1768}.Debug|Any CPU.Build.0 = Debug|Any CPU
		{78ED0135-2697-4E4E-B76E-A85F07CA1768}.Release|Any CPU.ActiveCfg = Release|Any CPU
		{78ED0135-2697-4E4E-B76E-A85F07CA1768}.Release|Any CPU.Build.0 = Release|Any CPU
	EndGlobalSection
	GlobalSection(SolutionProperties) = preSolution
		HideSolutionNode = FALSE
	EndGlobalSection
	GlobalSection(ExtensibilityGlobals) = postSolution
		SolutionGuid = {50A07C70-BDAA-40D6-8D84-146C9D7ED436}
	EndGlobalSection
EndGlobal
